
Microsoft Visual Studio Solution File, Format Version 12.00
# Visual Studio Version 16
VisualStudioVersion = 25.0.1704.3
MinimumVisualStudioVersion = 10.0.40219.1
Project("{FAE04EC0-301F-11D3-BF4B-00C04F79EFBC}") = "LabCoffeeshop", "LabCoffeeshop\LabCoffeeshop.csproj", "{2BB4C5E9-16E0-4EA6-A9E6-70C1D3A8BF30}"
EndProject
Global
	GlobalSection(SolutionConfigurationPlatforms) = preSolution
		Debug|Any CPU = Debug|Any CPU
		Release|Any CPU = Release|Any CPU
	EndGlobalSection
	GlobalSection(ProjectConfigurationPlatforms) = postSolution
		{2BB4C5E9-16E0-4EA6-A9E6-70C1D3A8BF30}.Debug|Any CPU.ActiveCfg = Debug|Any CPU
		{2BB4C5E9-16E0-4EA6-A9E6-70C1D3A8BF30}.Debug|Any CPU.Build.0 = Debug|Any CPU
		{2BB4C5E9-16E0-4EA6-A9E6-70C1D3A8BF30}.Release|Any CPU.ActiveCfg = Release|Any CPU
		{2BB4C5E9-16E0-4EA6-A9E6-70C1D3A8BF30}.Release|Any CPU.Build.0 = Release|Any CPU
	EndGlobalSection
	GlobalSection(SolutionProperties) = preSolution
		HideSolutionNode = FALSE
	EndGlobalSection
	GlobalSection(ExtensibilityGlobals) = postSolution
		SolutionGuid = {E0DB6197-53FD-4246-8526-B831B71C483D}
	EndGlobalSection
EndGlobal
